<?xml version="1.0" encoding="utf-8"?>
<Project ToolsVersion="4.0" xmlns="http://schemas.microsoft.com/developer/msbuild/2003">
  <ItemGroup>
    <ClInclude Include="Easel.h" />
    <ClInclude Include="Direct3D11\Easel.D3D11.Internal.h" />
  </ItemGroup>
  <ItemGroup>
    <ClCompile Include="Easel.cpp" />
    <ClCompile Include="Direct3D11\Easel.D3D11.ArithmeticProcessor.cpp" />
    <ClCompile Include="Direct3D11\Easel.D3D11.Bitmap.cpp" />
    <ClCompile Include="Direct3D11\Easel.D3D11.ComputeShaderProcessor.cpp" />
    <ClCompile Include="Direct3D11\Easel.D3D11.EaselFactory.cpp" />
    <ClCompile Include="Direct3D11\Easel.D3D11.FilterProcessor.cpp" />
    <ClCompile Include="Direct3D11\Easel.D3D11.GammaProcessor.cpp" />
    <ClCompile Include="Direct3D11\Easel.D3D11.HistogramExtractor.cpp" />
    <ClCompile Include="Direct3D11\Easel.D3D11.ResizeProcessor.cpp" />
    <ClCompile Include="Direct3D11\Easel.D3D11.RotationProcessor.cpp" />
    <ClCompile Include="Direct3D11\Easel.D3D11.ThresholdGenerator.cpp" />
    <ClCompile Include="Direct3D11\Easel.D3D11.HistogramProcessor.cpp" />
  </ItemGroup>
  <ItemGroup>
    <FxCompile Include="Shaders\FilterShader.hlsl" />
    <FxCompile Include="Shaders\ResizeShader.hlsl" />
    <FxCompile Include="Shaders\HistogramCalculationShader.hlsl" />
    <FxCompile Include="Shaders\HistogramEqualizationShader.hlsl" />
    <FxCompile Include="Shaders\ArithmeticOperationShader.hlsl" />
    <FxCompile Include="Shaders\RotationShader.hlsl" />
    <FxCompile Include="Shaders\RGB2YUVConvertShader.hlsl" />
    <FxCompile Include="Shaders\YUV2RGBConvertShader.hlsl" />
    <FxCompile Include="Shaders\RGB2GrayscaleConvertShader.hlsl" />
    <FxCompile Include="Shaders\GammaSpaceShader.hlsl" />
    <FxCompile Include="Shaders\SaturateShader.hlsl" />
    <FxCompile Include="Shaders\RGB8882RGB565ConvertShader.hlsl" />
  </ItemGroup>
</Project>